
Microsoft Visual Studio Solution File, Format Version 12.00
Project("{FAE04EC0-301F-11D3-BF4B-00C04F79EFBC}") = "QuartzJobFactory", "QuartzJobFactory\QuartzJobFactory.csproj", "{BCDFFA84-89D7-4911-AAB2-BC8BC19D9813}"
EndProject
Project("{FAE04EC0-301F-11D3-BF4B-00C04F79EFBC}") = "Example", "Example\Example.csproj", "{4E6FED45-03BD-4606-BD91-5B59335B53B1}"
EndProject
Global
	GlobalSection(SolutionConfigurationPlatforms) = preSolution
		Debug|Any CPU = Debug|Any CPU
		Release|Any CPU = Release|Any CPU
	EndGlobalSection
	GlobalSection(ProjectConfigurationPlatforms) = postSolution
		{BCDFFA84-89D7-4911-AAB2-BC8BC19D9813}.Debug|Any CPU.ActiveCfg = Debug|Any CPU
		{BCDFFA84-89D7-4911-AAB2-BC8BC19D9813}.Debug|Any CPU.Build.0 = Debug|Any CPU
		{BCDFFA84-89D7-4911-AAB2-BC8BC19D9813}.Release|Any CPU.ActiveCfg = Release|Any CPU
		{BCDFFA84-89D7-4911-AAB2-BC8BC19D9813}.Release|Any CPU.Build.0 = Release|Any CPU
		{4E6FED45-03BD-4606-BD91-5B59335B53B1}.Debug|Any CPU.ActiveCfg = Debug|Any CPU
		{4E6FED45-03BD-4606-BD91-5B59335B53B1}.Debug|Any CPU.Build.0 = Debug|Any CPU
		{4E6FED45-03BD-4606-BD91-5B59335B53B1}.Release|Any CPU.ActiveCfg = Release|Any CPU
		{4E6FED45-03BD-4606-BD91-5B59335B53B1}.Release|Any CPU.Build.0 = Release|Any CPU
	EndGlobalSection
EndGlobal
